{
  "name": "DevelBoard",
  "lockfileVersion": 2,
  "requires": true,
  "packages": {
    "": {
      "dependencies": {
        "connect-ensure-login": "^0.1.1"
      }
    },
    "node_modules/connect-ensure-login": {
      "version": "0.1.1",
      "resolved": "https://registry.npmjs.org/connect-ensure-login/-/connect-ensure-login-0.1.1.tgz",
      "integrity": "sha512-u0LGY/YXgkqdD4uVz8Gkri0adby5SBPYIFQvIa4FjBIaZUN0yuZPVHsjAA2bUiprGyjh8NlqxPUcIzzfTiXhQQ==",
      "engines": {
        "node": ">= 0.4.0"
      }
    }
  },
  "dependencies": {
    "connect-ensure-login": {
      "version": "0.1.1",
      "resolved": "https://registry.npmjs.org/connect-ensure-login/-/connect-ensure-login-0.1.1.tgz",
      "integrity": "sha512-u0LGY/YXgkqdD4uVz8Gkri0adby5SBPYIFQvIa4FjBIaZUN0yuZPVHsjAA2bUiprGyjh8NlqxPUcIzzfTiXhQQ=="
    }
  }
}
